
Microsoft Visual Studio Solution File, Format Version 12.00
# Visual Studio Version 16
VisualStudioVersion = 16.0.30621.155
MinimumVisualStudioVersion = 10.0.40219.1
Project("{FAE04EC0-301F-11D3-BF4B-00C04F79EFBC}") = "Laba_2", "Laba_2\Laba_2.csproj", "{59966E26-4941-4CE8-8511-7BD2167DD70F}"
EndProject
Global
	GlobalSection(SolutionConfigurationPlatforms) = preSolution
		Debug|Any CPU = Debug|Any CPU
		Release|Any CPU = Release|Any CPU
	EndGlobalSection
	GlobalSection(ProjectConfigurationPlatforms) = postSolution
		{59966E26-4941-4CE8-8511-7BD2167DD70F}.Debug|Any CPU.ActiveCfg = Debug|Any CPU
		{59966E26-4941-4CE8-8511-7BD2167DD70F}.Debug|Any CPU.Build.0 = Debug|Any CPU
		{59966E26-4941-4CE8-8511-7BD2167DD70F}.Release|Any CPU.ActiveCfg = Release|Any CPU
		{59966E26-4941-4CE8-8511-7BD2167DD70F}.Release|Any CPU.Build.0 = Release|Any CPU
	EndGlobalSection
	GlobalSection(SolutionProperties) = preSolution
		HideSolutionNode = FALSE
	EndGlobalSection
	GlobalSection(ExtensibilityGlobals) = postSolution
		SolutionGuid = {8959B2C3-AF6C-4D01-AFFA-021997EFA915}
	EndGlobalSection
EndGlobal
